// !$*UTF8*$!
{
	archiveVersion = 1;
	classes = {
	};
	objectVersion = 46;
	objects = {

/* Begin PBXBuildFile section */
		0E3090A718D7503C00536DB1 /* UserInformationServiceREST.m in Sources */ = {isa = PBXBuildFile; fileRef = 0E3090A618D7503C00536DB1 /* UserInformationServiceREST.m */; };
		0EE3C40D18D72F95008AA6D2 /* Foundation.framework in Frameworks */ = {isa = PBXBuildFile; fileRef = 0EE3C40C18D72F95008AA6D2 /* Foundation.framework */; };
		0EE3C41B18D72F95008AA6D2 /* XCTest.framework in Frameworks */ = {isa = PBXBuildFile; fileRef = 0EE3C41A18D72F95008AA6D2 /* XCTest.framework */; };
		0EE3C41C18D72F95008AA6D2 /* Foundation.framework in Frameworks */ = {isa = PBXBuildFile; fileRef = 0EE3C40C18D72F95008AA6D2 /* Foundation.framework */; };
		0EE3C41E18D72F95008AA6D2 /* UIKit.framework in Frameworks */ = {isa = PBXBuildFile; fileRef = 0EE3C41D18D72F95008AA6D2 /* UIKit.framework */; };
		0EE3C42118D72F95008AA6D2 /* libServices.a in Frameworks */ = {isa = PBXBuildFile; fileRef = 0EE3C40918D72F95008AA6D2 /* libServices.a */; };
		0EE3C42718D72F95008AA6D2 /* InfoPlist.strings in Resources */ = {isa = PBXBuildFile; fileRef = 0EE3C42518D72F95008AA6D2 /* InfoPlist.strings */; };
		0EE3C42918D72F95008AA6D2 /* ServicesTests.m in Sources */ = {isa = PBXBuildFile; fileRef = 0EE3C42818D72F95008AA6D2 /* ServicesTests.m */; };
		B549B8F663B34A60B35C9F0B /* libPods-ServicesTests.a in Frameworks */ = {isa = PBXBuildFile; fileRef = D878FE4B87374FF3890A0197 /* libPods-ServicesTests.a */; };
/* End PBXBuildFile section */

/* Begin PBXContainerItemProxy section */
		0EE3C41F18D72F95008AA6D2 /* PBXContainerItemProxy */ = {
			isa = PBXContainerItemProxy;
			containerPortal = 0EE3C40118D72F95008AA6D2 /* Project object */;
			proxyType = 1;
			remoteGlobalIDString = 0EE3C40818D72F95008AA6D2;
			remoteInfo = Services;
		};
/* End PBXContainerItemProxy section */

/* Begin PBXCopyFilesBuildPhase section */
		0EE3C40718D72F95008AA6D2 /* CopyFiles */ = {
			isa = PBXCopyFilesBuildPhase;
			buildActionMask = 2147483647;
			dstPath = "include/$(PRODUCT_NAME)";
			dstSubfolderSpec = 16;
			files = (
			);
			runOnlyForDeploymentPostprocessing = 0;
		};
/* End PBXCopyFilesBuildPhase section */

/* Begin PBXFileReference section */
		097C64D4376A47F5B96DA24F /* Pods-ServicesTests.xcconfig */ = {isa = PBXFileReference; includeInIndex = 1; lastKnownFileType = text.xcconfig; name = "Pods-ServicesTests.xcconfig"; path = "../Pods/Pods-ServicesTests.xcconfig"; sourceTree = "<group>"; };
		0E3090A418D74EFB00536DB1 /* UserInformationDatasource.h */ = {isa = PBXFileReference; fileEncoding = 4; lastKnownFileType = sourcecode.c.h; path = UserInformationDatasource.h; sourceTree = "<group>"; };
		0E3090A518D7503C00536DB1 /* UserInformationServiceREST.h */ = {isa = PBXFileReference; fileEncoding = 4; lastKnownFileType = sourcecode.c.h; path = UserInformationServiceREST.h; sourceTree = "<group>"; };
		0E3090A618D7503C00536DB1 /* UserInformationServiceREST.m */ = {isa = PBXFileReference; fileEncoding = 4; lastKnownFileType = sourcecode.c.objc; path = UserInformationServiceREST.m; sourceTree = "<group>"; };
		0EE3C40918D72F95008AA6D2 /* libServices.a */ = {isa = PBXFileReference; explicitFileType = archive.ar; includeInIndex = 0; path = libServices.a; sourceTree = BUILT_PRODUCTS_DIR; };
		0EE3C40C18D72F95008AA6D2 /* Foundation.framework */ = {isa = PBXFileReference; lastKnownFileType = wrapper.framework; name = Foundation.framework; path = System/Library/Frameworks/Foundation.framework; sourceTree = SDKROOT; };
		0EE3C41018D72F95008AA6D2 /* Services-Prefix.pch */ = {isa = PBXFileReference; lastKnownFileType = sourcecode.c.h; path = "Services-Prefix.pch"; sourceTree = "<group>"; };
		0EE3C41918D72F95008AA6D2 /* ServicesTests.xctest */ = {isa = PBXFileReference; explicitFileType = wrapper.cfbundle; includeInIndex = 0; path = ServicesTests.xctest; sourceTree = BUILT_PRODUCTS_DIR; };
		0EE3C41A18D72F95008AA6D2 /* XCTest.framework */ = {isa = PBXFileReference; lastKnownFileType = wrapper.framework; name = XCTest.framework; path = Library/Frameworks/XCTest.framework; sourceTree = DEVELOPER_DIR; };
		0EE3C41D18D72F95008AA6D2 /* UIKit.framework */ = {isa = PBXFileReference; lastKnownFileType = wrapper.framework; name = UIKit.framework; path = Library/Frameworks/UIKit.framework; sourceTree = DEVELOPER_DIR; };
		0EE3C42418D72F95008AA6D2 /* ServicesTests-Info.plist */ = {isa = PBXFileReference; lastKnownFileType = text.plist.xml; path = "ServicesTests-Info.plist"; sourceTree = "<group>"; };
		0EE3C42618D72F95008AA6D2 /* en */ = {isa = PBXFileReference; lastKnownFileType = text.plist.strings; name = en; path = en.lproj/InfoPlist.strings; sourceTree = "<group>"; };
		0EE3C42818D72F95008AA6D2 /* ServicesTests.m */ = {isa = PBXFileReference; lastKnownFileType = sourcecode.c.objc; path = ServicesTests.m; sourceTree = "<group>"; };
		D878FE4B87374FF3890A0197 /* libPods-ServicesTests.a */ = {isa = PBXFileReference; explicitFileType = archive.ar; includeInIndex = 0; path = "libPods-ServicesTests.a"; sourceTree = BUILT_PRODUCTS_DIR; };
/* End PBXFileReference section */

/* Begin PBXFrameworksBuildPhase section */
		0EE3C40618D72F95008AA6D2 /* Frameworks */ = {
			isa = PBXFrameworksBuildPhase;
			buildActionMask = 2147483647;
			files = (
				0EE3C40D18D72F95008AA6D2 /* Foundation.framework in Frameworks */,
			);
			runOnlyForDeploymentPostprocessing = 0;
		};
		0EE3C41618D72F95008AA6D2 /* Frameworks */ = {
			isa = PBXFrameworksBuildPhase;
			buildActionMask = 2147483647;
			files = (
				0EE3C41B18D72F95008AA6D2 /* XCTest.framework in Frameworks */,
				0EE3C41E18D72F95008AA6D2 /* UIKit.framework in Frameworks */,
				0EE3C41C18D72F95008AA6D2 /* Foundation.framework in Frameworks */,
				0EE3C42118D72F95008AA6D2 /* libServices.a in Frameworks */,
				B549B8F663B34A60B35C9F0B /* libPods-ServicesTests.a in Frameworks */,
			);
			runOnlyForDeploymentPostprocessing = 0;
		};
/* End PBXFrameworksBuildPhase section */

/* Begin PBXGroup section */
		0EE3C40018D72F95008AA6D2 = {
			isa = PBXGroup;
			children = (
				0EE3C40E18D72F95008AA6D2 /* Services */,
				0EE3C42218D72F95008AA6D2 /* ServicesTests */,
				0EE3C40B18D72F95008AA6D2 /* Frameworks */,
				0EE3C40A18D72F95008AA6D2 /* Products */,
				097C64D4376A47F5B96DA24F /* Pods-ServicesTests.xcconfig */,
			);
			sourceTree = "<group>";
		};
		0EE3C40A18D72F95008AA6D2 /* Products */ = {
			isa = PBXGroup;
			children = (
				0EE3C40918D72F95008AA6D2 /* libServices.a */,
				0EE3C41918D72F95008AA6D2 /* ServicesTests.xctest */,
			);
			name = Products;
			sourceTree = "<group>";
		};
		0EE3C40B18D72F95008AA6D2 /* Frameworks */ = {
			isa = PBXGroup;
			children = (
				0EE3C40C18D72F95008AA6D2 /* Foundation.framework */,
				0EE3C41A18D72F95008AA6D2 /* XCTest.framework */,
				0EE3C41D18D72F95008AA6D2 /* UIKit.framework */,
				D878FE4B87374FF3890A0197 /* libPods-ServicesTests.a */,
			);
			name = Frameworks;
			sourceTree = "<group>";
		};
		0EE3C40E18D72F95008AA6D2 /* Services */ = {
			isa = PBXGroup;
			children = (
				0EE3C40F18D72F95008AA6D2 /* Supporting Files */,
				0E3090A418D74EFB00536DB1 /* UserInformationDatasource.h */,
				0E3090A518D7503C00536DB1 /* UserInformationServiceREST.h */,
				0E3090A618D7503C00536DB1 /* UserInformationServiceREST.m */,
			);
			path = Services;
			sourceTree = "<group>";
		};
		0EE3C40F18D72F95008AA6D2 /* Supporting Files */ = {
			isa = PBXGroup;
			children = (
				0EE3C41018D72F95008AA6D2 /* Services-Prefix.pch */,
			);
			name = "Supporting Files";
			sourceTree = "<group>";
		};
		0EE3C42218D72F95008AA6D2 /* ServicesTests */ = {
			isa = PBXGroup;
			children = (
				0EE3C42818D72F95008AA6D2 /* ServicesTests.m */,
				0EE3C42318D72F95008AA6D2 /* Supporting Files */,
			);
			path = ServicesTests;
			sourceTree = "<group>";
		};
		0EE3C42318D72F95008AA6D2 /* Supporting Files */ = {
			isa = PBXGroup;
			children = (
				0EE3C42418D72F95008AA6D2 /* ServicesTests-Info.plist */,
				0EE3C42518D72F95008AA6D2 /* InfoPlist.strings */,
			);
			name = "Supporting Files";
			sourceTree = "<group>";
		};
/* End PBXGroup section */

/* Begin PBXNativeTarget section */
		0EE3C40818D72F95008AA6D2 /* Services */ = {
			isa = PBXNativeTarget;
			buildConfigurationList = 0EE3C42C18D72F95008AA6D2 /* Build configuration list for PBXNativeTarget "Services" */;
			buildPhases = (
				0EE3C40518D72F95008AA6D2 /* Sources */,
				0EE3C40618D72F95008AA6D2 /* Frameworks */,
				0EE3C40718D72F95008AA6D2 /* CopyFiles */,
			);
			buildRules = (
			);
			dependencies = (
			);
			name = Services;
			productName = Services;
			productReference = 0EE3C40918D72F95008AA6D2 /* libServices.a */;
			productType = "com.apple.product-type.library.static";
		};
		0EE3C41818D72F95008AA6D2 /* ServicesTests */ = {
			isa = PBXNativeTarget;
			buildConfigurationList = 0EE3C42F18D72F95008AA6D2 /* Build configuration list for PBXNativeTarget "ServicesTests" */;
			buildPhases = (
				50643537C011473FBFD1DB9B /* Check Pods Manifest.lock */,
				0EE3C41518D72F95008AA6D2 /* Sources */,
				0EE3C41618D72F95008AA6D2 /* Frameworks */,
				0EE3C41718D72F95008AA6D2 /* Resources */,
				7FC970E2D4A848BDBF64B9AD /* Copy Pods Resources */,
			);
			buildRules = (
			);
			dependencies = (
				0EE3C42018D72F95008AA6D2 /* PBXTargetDependency */,
			);
			name = ServicesTests;
			productName = ServicesTests;
			productReference = 0EE3C41918D72F95008AA6D2 /* ServicesTests.xctest */;
			productType = "com.apple.product-type.bundle.unit-test";
		};
/* End PBXNativeTarget section */

/* Begin PBXProject section */
		0EE3C40118D72F95008AA6D2 /* Project object */ = {
			isa = PBXProject;
			attributes = {
				LastUpgradeCheck = 0510;
				ORGANIZATIONNAME = Cawooka;
			};
			buildConfigurationList = 0EE3C40418D72F95008AA6D2 /* Build configuration list for PBXProject "Services" */;
			compatibilityVersion = "Xcode 3.2";
			developmentRegion = English;
			hasScannedForEncodings = 0;
			knownRegions = (
				en,
			);
			mainGroup = 0EE3C40018D72F95008AA6D2;
			productRefGroup = 0EE3C40A18D72F95008AA6D2 /* Products */;
			projectDirPath = "";
			projectRoot = "";
			targets = (
				0EE3C40818D72F95008AA6D2 /* Services */,
				0EE3C41818D72F95008AA6D2 /* ServicesTests */,
			);
		};
/* End PBXProject section */

/* Begin PBXResourcesBuildPhase section */
		0EE3C41718D72F95008AA6D2 /* Resources */ = {
			isa = PBXResourcesBuildPhase;
			buildActionMask = 2147483647;
			files = (
				0EE3C42718D72F95008AA6D2 /* InfoPlist.strings in Resources */,
			);
			runOnlyForDeploymentPostprocessing = 0;
		};
/* End PBXResourcesBuildPhase section */

/* Begin PBXShellScriptBuildPhase section */
		50643537C011473FBFD1DB9B /* Check Pods Manifest.lock */ = {
			isa = PBXShellScriptBuildPhase;
			buildActionMask = 2147483647;
			files = (
			);
			inputPaths = (
			);
			name = "Check Pods Manifest.lock";
			outputPaths = (
			);
			runOnlyForDeploymentPostprocessing = 0;
			shellPath = /bin/sh;
			shellScript = "diff \"${PODS_ROOT}/../Podfile.lock\" \"${PODS_ROOT}/Manifest.lock\" > /dev/null\nif [[ $? != 0 ]] ; then\n    cat << EOM\nerror: The sandbox is not in sync with the Podfile.lock. Run 'pod install' or update your CocoaPods installation.\nEOM\n    exit 1\nfi\n";
			showEnvVarsInLog = 0;
		};
		7FC970E2D4A848BDBF64B9AD /* Copy Pods Resources */ = {
			isa = PBXShellScriptBuildPhase;
			buildActionMask = 2147483647;
			files = (
			);
			inputPaths = (
			);
			name = "Copy Pods Resources";
			outputPaths = (
			);
			runOnlyForDeploymentPostprocessing = 0;
			shellPath = /bin/sh;
			shellScript = "\"${SRCROOT}/../Pods/Pods-ServicesTests-resources.sh\"\n";
			showEnvVarsInLog = 0;
		};
/* End PBXShellScriptBuildPhase section */

/* Begin PBXSourcesBuildPhase section */
		0EE3C40518D72F95008AA6D2 /* Sources */ = {
			isa = PBXSourcesBuildPhase;
			buildActionMask = 2147483647;
			files = (
				0E3090A718D7503C00536DB1 /* UserInformationServiceREST.m in Sources */,
			);
			runOnlyForDeploymentPostprocessing = 0;
		};
		0EE3C41518D72F95008AA6D2 /* Sources */ = {
			isa = PBXSourcesBuildPhase;
			buildActionMask = 2147483647;
			files = (
				0EE3C42918D72F95008AA6D2 /* ServicesTests.m in Sources */,
			);
			runOnlyForDeploymentPostprocessing = 0;
		};
/* End PBXSourcesBuildPhase section */

/* Begin PBXTargetDependency section */
		0EE3C42018D72F95008AA6D2 /* PBXTargetDependency */ = {
			isa = PBXTargetDependency;
			target = 0EE3C40818D72F95008AA6D2 /* Services */;
			targetProxy = 0EE3C41F18D72F95008AA6D2 /* PBXContainerItemProxy */;
		};
/* End PBXTargetDependency section */

/* Begin PBXVariantGroup section */
		0EE3C42518D72F95008AA6D2 /* InfoPlist.strings */ = {
			isa = PBXVariantGroup;
			children = (
				0EE3C42618D72F95008AA6D2 /* en */,
			);
			name = InfoPlist.strings;
			sourceTree = "<group>";
		};
/* End PBXVariantGroup section */

/* Begin XCBuildConfiguration section */
		0EE3C42A18D72F95008AA6D2 /* Debug */ = {
			isa = XCBuildConfiguration;
			buildSettings = {
				ALWAYS_SEARCH_USER_PATHS = NO;
				CLANG_CXX_LANGUAGE_STANDARD = "gnu++0x";
				CLANG_CXX_LIBRARY = "libc++";
				CLANG_ENABLE_MODULES = YES;
				CLANG_ENABLE_OBJC_ARC = YES;
				CLANG_WARN_BOOL_CONVERSION = YES;
				CLANG_WARN_CONSTANT_CONVERSION = YES;
				CLANG_WARN_DIRECT_OBJC_ISA_USAGE = YES_ERROR;
				CLANG_WARN_EMPTY_BODY = YES;
				CLANG_WARN_ENUM_CONVERSION = YES;
				CLANG_WARN_INT_CONVERSION = YES;
				CLANG_WARN_OBJC_ROOT_CLASS = YES_ERROR;
				CLANG_WARN__DUPLICATE_METHOD_MATCH = YES;
				COPY_PHASE_STRIP = NO;
				GCC_C_LANGUAGE_STANDARD = gnu99;
				GCC_DYNAMIC_NO_PIC = NO;
				GCC_OPTIMIZATION_LEVEL = 0;
				GCC_PREPROCESSOR_DEFINITIONS = (
					"DEBUG=1",
					"$(inherited)",
				);
				GCC_SYMBOLS_PRIVATE_EXTERN = NO;
				GCC_WARN_64_TO_32_BIT_CONVERSION = YES;
				GCC_WARN_ABOUT_RETURN_TYPE = YES_ERROR;
				GCC_WARN_UNDECLARED_SELECTOR = YES;
				GCC_WARN_UNINITIALIZED_AUTOS = YES_AGGRESSIVE;
				GCC_WARN_UNUSED_FUNCTION = YES;
				GCC_WARN_UNUSED_VARIABLE = YES;
				IPHONEOS_DEPLOYMENT_TARGET = 7.1;
				ONLY_ACTIVE_ARCH = YES;
				SDKROOT = iphoneos;
			};
			name = Debug;
		};
		0EE3C42B18D72F95008AA6D2 /* Release */ = {
			isa = XCBuildConfiguration;
			buildSettings = {
				ALWAYS_SEARCH_USER_PATHS = NO;
				CLANG_CXX_LANGUAGE_STANDARD = "gnu++0x";
				CLANG_CXX_LIBRARY = "libc++";
				CLANG_ENABLE_MODULES = YES;
				CLANG_ENABLE_OBJC_ARC = YES;
				CLANG_WARN_BOOL_CONVERSION = YES;
				CLANG_WARN_CONSTANT_CONVERSION = YES;
				CLANG_WARN_DIRECT_OBJC_ISA_USAGE = YES_ERROR;
				CLANG_WARN_EMPTY_BODY = YES;
				CLANG_WARN_ENUM_CONVERSION = YES;
				CLANG_WARN_INT_CONVERSION = YES;
				CLANG_WARN_OBJC_ROOT_CLASS = YES_ERROR;
				CLANG_WARN__DUPLICATE_METHOD_MATCH = YES;
				COPY_PHASE_STRIP = YES;
				ENABLE_NS_ASSERTIONS = NO;
				GCC_C_LANGUAGE_STANDARD = gnu99;
				GCC_WARN_64_TO_32_BIT_CONVERSION = YES;
				GCC_WARN_ABOUT_RETURN_TYPE = YES_ERROR;
				GCC_WARN_UNDECLARED_SELECTOR = YES;
				GCC_WARN_UNINITIALIZED_AUTOS = YES_AGGRESSIVE;
				GCC_WARN_UNUSED_FUNCTION = YES;
				GCC_WARN_UNUSED_VARIABLE = YES;
				IPHONEOS_DEPLOYMENT_TARGET = 7.1;
				SDKROOT = iphoneos;
				VALIDATE_PRODUCT = YES;
			};
			name = Release;
		};
		0EE3C42D18D72F95008AA6D2 /* Debug */ = {
			isa = XCBuildConfiguration;
			buildSettings = {
				DSTROOT = /tmp/Services.dst;
				GCC_PRECOMPILE_PREFIX_HEADER = YES;
				GCC_PREFIX_HEADER = "Services/Services-Prefix.pch";
				OTHER_LDFLAGS = "-ObjC";
				PRODUCT_NAME = "$(TARGET_NAME)";
				SKIP_INSTALL = YES;
			};
			name = Debug;
		};
		0EE3C42E18D72F95008AA6D2 /* Release */ = {
			isa = XCBuildConfiguration;
			buildSettings = {
				DSTROOT = /tmp/Services.dst;
				GCC_PRECOMPILE_PREFIX_HEADER = YES;
				GCC_PREFIX_HEADER = "Services/Services-Prefix.pch";
				OTHER_LDFLAGS = "-ObjC";
				PRODUCT_NAME = "$(TARGET_NAME)";
				SKIP_INSTALL = YES;
			};
			name = Release;
		};
		0EE3C43018D72F95008AA6D2 /* Debug */ = {
			isa = XCBuildConfiguration;
			baseConfigurationReference = 097C64D4376A47F5B96DA24F /* Pods-ServicesTests.xcconfig */;
			buildSettings = {
				FRAMEWORK_SEARCH_PATHS = (
					"$(SDKROOT)/Developer/Library/Frameworks",
					"$(inherited)",
					"$(DEVELOPER_FRAMEWORKS_DIR)",
				);
				GCC_PRECOMPILE_PREFIX_HEADER = YES;
				GCC_PREFIX_HEADER = "Services/Services-Prefix.pch";
				GCC_PREPROCESSOR_DEFINITIONS = (
					"DEBUG=1",
					"$(inherited)",
				);
				INFOPLIST_FILE = "ServicesTests/ServicesTests-Info.plist";
				PRODUCT_NAME = "$(TARGET_NAME)";
				WRAPPER_EXTENSION = xctest;
			};
			name = Debug;
		};
		0EE3C43118D72F95008AA6D2 /* Release */ = {
			isa = XCBuildConfiguration;
			baseConfigurationReference = 097C64D4376A47F5B96DA24F /* Pods-ServicesTests.xcconfig */;
			buildSettings = {
				FRAMEWORK_SEARCH_PATHS = (
					"$(SDKROOT)/Developer/Library/Frameworks",
					"$(inherited)",
					"$(DEVELOPER_FRAMEWORKS_DIR)",
				);
				GCC_PRECOMPILE_PREFIX_HEADER = YES;
				GCC_PREFIX_HEADER = "Services/Services-Prefix.pch";
				INFOPLIST_FILE = "ServicesTests/ServicesTests-Info.plist";
				PRODUCT_NAME = "$(TARGET_NAME)";
				WRAPPER_EXTENSION = xctest;
			};
			name = Release;
		};
/* End XCBuildConfiguration section */

/* Begin XCConfigurationList section */
		0EE3C40418D72F95008AA6D2 /* Build configuration list for PBXProject "Services" */ = {
			isa = XCConfigurationList;
			buildConfigurations = (
				0EE3C42A18D72F95008AA6D2 /* Debug */,
				0EE3C42B18D72F95008AA6D2 /* Release */,
			);
			defaultConfigurationIsVisible = 0;
			defaultConfigurationName = Release;
		};
		0EE3C42C18D72F95008AA6D2 /* Build configuration list for PBXNativeTarget "Services" */ = {
			isa = XCConfigurationList;
			buildConfigurations = (
				0EE3C42D18D72F95008AA6D2 /* Debug */,
				0EE3C42E18D72F95008AA6D2 /* Release */,
			);
			defaultConfigurationIsVisible = 0;
			defaultConfigurationName = Release;
		};
		0EE3C42F18D72F95008AA6D2 /* Build configuration list for PBXNativeTarget "ServicesTests" */ = {
			isa = XCConfigurationList;
			buildConfigurations = (
				0EE3C43018D72F95008AA6D2 /* Debug */,
				0EE3C43118D72F95008AA6D2 /* Release */,
			);
			defaultConfigurationIsVisible = 0;
			defaultConfigurationName = Release;
		};
/* End XCConfigurationList section */
	};
	rootObject = 0EE3C40118D72F95008AA6D2 /* Project object */;
}
